
Microsoft Visual Studio Solution File, Format Version 12.00
# Visual Studio 15
VisualStudioVersion = 15.0.28307.329
MinimumVisualStudioVersion = 10.0.40219.1
Project("{FAE04EC0-301F-11D3-BF4B-00C04F79EFBC}") = "WebServices", "WebServices\WebServices.csproj", "{948CA4D5-58B2-4D5E-B38F-91F9365C4C1A}"
EndProject
Global
	GlobalSection(SolutionConfigurationPlatforms) = preSolution
		Debug|Any CPU = Debug|Any CPU
		Release|Any CPU = Release|Any CPU
	EndGlobalSection
	GlobalSection(ProjectConfigurationPlatforms) = postSolution
		{948CA4D5-58B2-4D5E-B38F-91F9365C4C1A}.Debug|Any CPU.ActiveCfg = Debug|Any CPU
		{948CA4D5-58B2-4D5E-B38F-91F9365C4C1A}.Debug|Any CPU.Build.0 = Debug|Any CPU
		{948CA4D5-58B2-4D5E-B38F-91F9365C4C1A}.Release|Any CPU.ActiveCfg = Release|Any CPU
		{948CA4D5-58B2-4D5E-B38F-91F9365C4C1A}.Release|Any CPU.Build.0 = Release|Any CPU
	EndGlobalSection
	GlobalSection(SolutionProperties) = preSolution
		HideSolutionNode = FALSE
	EndGlobalSection
	GlobalSection(ExtensibilityGlobals) = postSolution
		SolutionGuid = {0F88EB7A-A089-40B9-8FD3-7559988A4786}
	EndGlobalSection
EndGlobal
