
Microsoft Visual Studio Solution File, Format Version 12.00
# Visual Studio 15
VisualStudioVersion = 15.0.28307.329
MinimumVisualStudioVersion = 10.0.40219.1
Project("{FAE04EC0-301F-11D3-BF4B-00C04F79EFBC}") = "Bundles", "Bundles\Bundles.csproj", "{08B8E45B-5437-4D81-8C03-EE5C7FE86203}"
EndProject
Global
	GlobalSection(SolutionConfigurationPlatforms) = preSolution
		Debug|Any CPU = Debug|Any CPU
		Release|Any CPU = Release|Any CPU
	EndGlobalSection
	GlobalSection(ProjectConfigurationPlatforms) = postSolution
		{08B8E45B-5437-4D81-8C03-EE5C7FE86203}.Debug|Any CPU.ActiveCfg = Debug|Any CPU
		{08B8E45B-5437-4D81-8C03-EE5C7FE86203}.Debug|Any CPU.Build.0 = Debug|Any CPU
		{08B8E45B-5437-4D81-8C03-EE5C7FE86203}.Release|Any CPU.ActiveCfg = Release|Any CPU
		{08B8E45B-5437-4D81-8C03-EE5C7FE86203}.Release|Any CPU.Build.0 = Release|Any CPU
	EndGlobalSection
	GlobalSection(SolutionProperties) = preSolution
		HideSolutionNode = FALSE
	EndGlobalSection
	GlobalSection(ExtensibilityGlobals) = postSolution
		SolutionGuid = {94D3B64B-E3D5-4F8E-A2B3-8C88204E0194}
	EndGlobalSection
EndGlobal
