
Microsoft Visual Studio Solution File, Format Version 12.00
# Visual Studio 15
VisualStudioVersion = 15.0.28307.329
MinimumVisualStudioVersion = 10.0.40219.1
Project("{FAE04EC0-301F-11D3-BF4B-00C04F79EFBC}") = "WebAPI", "WebAPI\WebAPI.csproj", "{35A8907B-A06C-43F4-86B6-4D1FE92F7829}"
EndProject
Global
	GlobalSection(SolutionConfigurationPlatforms) = preSolution
		Debug|Any CPU = Debug|Any CPU
		Release|Any CPU = Release|Any CPU
	EndGlobalSection
	GlobalSection(ProjectConfigurationPlatforms) = postSolution
		{35A8907B-A06C-43F4-86B6-4D1FE92F7829}.Debug|Any CPU.ActiveCfg = Debug|Any CPU
		{35A8907B-A06C-43F4-86B6-4D1FE92F7829}.Debug|Any CPU.Build.0 = Debug|Any CPU
		{35A8907B-A06C-43F4-86B6-4D1FE92F7829}.Release|Any CPU.ActiveCfg = Release|Any CPU
		{35A8907B-A06C-43F4-86B6-4D1FE92F7829}.Release|Any CPU.Build.0 = Release|Any CPU
	EndGlobalSection
	GlobalSection(SolutionProperties) = preSolution
		HideSolutionNode = FALSE
	EndGlobalSection
	GlobalSection(ExtensibilityGlobals) = postSolution
		SolutionGuid = {7CB400DC-F6F6-4891-99E8-5443CB9BE8F8}
	EndGlobalSection
EndGlobal
