
Microsoft Visual Studio Solution File, Format Version 12.00
# Visual Studio 15
VisualStudioVersion = 15.0.28307.329
MinimumVisualStudioVersion = 10.0.40219.1
Project("{FAE04EC0-301F-11D3-BF4B-00C04F79EFBC}") = "ModelValidation", "ModelValidation\ModelValidation.csproj", "{1EE7DBBE-CE9D-43C3-AA5A-1C80130EDCBD}"
EndProject
Global
	GlobalSection(SolutionConfigurationPlatforms) = preSolution
		Debug|Any CPU = Debug|Any CPU
		Release|Any CPU = Release|Any CPU
	EndGlobalSection
	GlobalSection(ProjectConfigurationPlatforms) = postSolution
		{1EE7DBBE-CE9D-43C3-AA5A-1C80130EDCBD}.Debug|Any CPU.ActiveCfg = Debug|Any CPU
		{1EE7DBBE-CE9D-43C3-AA5A-1C80130EDCBD}.Debug|Any CPU.Build.0 = Debug|Any CPU
		{1EE7DBBE-CE9D-43C3-AA5A-1C80130EDCBD}.Release|Any CPU.ActiveCfg = Release|Any CPU
		{1EE7DBBE-CE9D-43C3-AA5A-1C80130EDCBD}.Release|Any CPU.Build.0 = Release|Any CPU
	EndGlobalSection
	GlobalSection(SolutionProperties) = preSolution
		HideSolutionNode = FALSE
	EndGlobalSection
	GlobalSection(ExtensibilityGlobals) = postSolution
		SolutionGuid = {C5AE4E6C-3709-491A-96CB-AE44B3B5915C}
	EndGlobalSection
EndGlobal
