
Microsoft Visual Studio Solution File, Format Version 12.00
# Visual Studio 15
VisualStudioVersion = 15.0.28307.329
MinimumVisualStudioVersion = 10.0.40219.1
Project("{FAE04EC0-301F-11D3-BF4B-00C04F79EFBC}") = "Test", "Test\Test.csproj", "{BF0F1486-8A35-4268-8011-6BEC395D8637}"
EndProject
Project("{FAE04EC0-301F-11D3-BF4B-00C04F79EFBC}") = "NUnitDemo", "NUnitDemo\NUnitDemo.csproj", "{451E26A8-E7A0-4D41-ACDA-3C9C9352351C}"
EndProject
Global
	GlobalSection(SolutionConfigurationPlatforms) = preSolution
		Debug|Any CPU = Debug|Any CPU
		Release|Any CPU = Release|Any CPU
	EndGlobalSection
	GlobalSection(ProjectConfigurationPlatforms) = postSolution
		{BF0F1486-8A35-4268-8011-6BEC395D8637}.Debug|Any CPU.ActiveCfg = Debug|Any CPU
		{BF0F1486-8A35-4268-8011-6BEC395D8637}.Debug|Any CPU.Build.0 = Debug|Any CPU
		{BF0F1486-8A35-4268-8011-6BEC395D8637}.Release|Any CPU.ActiveCfg = Release|Any CPU
		{BF0F1486-8A35-4268-8011-6BEC395D8637}.Release|Any CPU.Build.0 = Release|Any CPU
		{451E26A8-E7A0-4D41-ACDA-3C9C9352351C}.Debug|Any CPU.ActiveCfg = Debug|Any CPU
		{451E26A8-E7A0-4D41-ACDA-3C9C9352351C}.Debug|Any CPU.Build.0 = Debug|Any CPU
		{451E26A8-E7A0-4D41-ACDA-3C9C9352351C}.Release|Any CPU.ActiveCfg = Release|Any CPU
		{451E26A8-E7A0-4D41-ACDA-3C9C9352351C}.Release|Any CPU.Build.0 = Release|Any CPU
	EndGlobalSection
	GlobalSection(SolutionProperties) = preSolution
		HideSolutionNode = FALSE
	EndGlobalSection
	GlobalSection(ExtensibilityGlobals) = postSolution
		SolutionGuid = {8A6CB4AF-7E78-4038-92AD-B51EB352D32A}
	EndGlobalSection
EndGlobal
