
Microsoft Visual Studio Solution File, Format Version 12.00
# Visual Studio 15
VisualStudioVersion = 15.0.28307.329
MinimumVisualStudioVersion = 10.0.40219.1
Project("{FAE04EC0-301F-11D3-BF4B-00C04F79EFBC}") = "C01.Exceptions", "C01.Exceptions\C01.Exceptions.csproj", "{7895A47D-A850-4926-91D1-9A2B168B4091}"
EndProject
Project("{FAE04EC0-301F-11D3-BF4B-00C04F79EFBC}") = "C02.Generics", "C02.Generics\C02.Generics.csproj", "{AA0A81F1-5287-478A-AAFD-48D19E38AB42}"
EndProject
Project("{FAE04EC0-301F-11D3-BF4B-00C04F79EFBC}") = "C03.Delegates_Events", "C03.Delegates_Events\C03.Delegates_Events.csproj", "{DC14C221-D403-419B-B132-40DF13C5831D}"
EndProject
Project("{FAE04EC0-301F-11D3-BF4B-00C04F79EFBC}") = "C04.Reflections", "C04.Reflections\C04.Reflections.csproj", "{0A334215-7677-4E4A-B340-9D16EEBAD4E7}"
EndProject
Global
	GlobalSection(SolutionConfigurationPlatforms) = preSolution
		Debug|Any CPU = Debug|Any CPU
		Release|Any CPU = Release|Any CPU
	EndGlobalSection
	GlobalSection(ProjectConfigurationPlatforms) = postSolution
		{7895A47D-A850-4926-91D1-9A2B168B4091}.Debug|Any CPU.ActiveCfg = Debug|Any CPU
		{7895A47D-A850-4926-91D1-9A2B168B4091}.Debug|Any CPU.Build.0 = Debug|Any CPU
		{7895A47D-A850-4926-91D1-9A2B168B4091}.Release|Any CPU.ActiveCfg = Release|Any CPU
		{7895A47D-A850-4926-91D1-9A2B168B4091}.Release|Any CPU.Build.0 = Release|Any CPU
		{AA0A81F1-5287-478A-AAFD-48D19E38AB42}.Debug|Any CPU.ActiveCfg = Debug|Any CPU
		{AA0A81F1-5287-478A-AAFD-48D19E38AB42}.Debug|Any CPU.Build.0 = Debug|Any CPU
		{AA0A81F1-5287-478A-AAFD-48D19E38AB42}.Release|Any CPU.ActiveCfg = Release|Any CPU
		{AA0A81F1-5287-478A-AAFD-48D19E38AB42}.Release|Any CPU.Build.0 = Release|Any CPU
		{DC14C221-D403-419B-B132-40DF13C5831D}.Debug|Any CPU.ActiveCfg = Debug|Any CPU
		{DC14C221-D403-419B-B132-40DF13C5831D}.Debug|Any CPU.Build.0 = Debug|Any CPU
		{DC14C221-D403-419B-B132-40DF13C5831D}.Release|Any CPU.ActiveCfg = Release|Any CPU
		{DC14C221-D403-419B-B132-40DF13C5831D}.Release|Any CPU.Build.0 = Release|Any CPU
		{0A334215-7677-4E4A-B340-9D16EEBAD4E7}.Debug|Any CPU.ActiveCfg = Debug|Any CPU
		{0A334215-7677-4E4A-B340-9D16EEBAD4E7}.Debug|Any CPU.Build.0 = Debug|Any CPU
		{0A334215-7677-4E4A-B340-9D16EEBAD4E7}.Release|Any CPU.ActiveCfg = Release|Any CPU
		{0A334215-7677-4E4A-B340-9D16EEBAD4E7}.Release|Any CPU.Build.0 = Release|Any CPU
	EndGlobalSection
	GlobalSection(SolutionProperties) = preSolution
		HideSolutionNode = FALSE
	EndGlobalSection
	GlobalSection(ExtensibilityGlobals) = postSolution
		SolutionGuid = {B8273F12-F56F-4759-A031-50003826897A}
	EndGlobalSection
EndGlobal
